
Microsoft Visual Studio Solution File, Format Version 12.00
# Visual Studio Version 16
VisualStudioVersion = 16.0.31205.134
MinimumVisualStudioVersion = 10.0.40219.1
Project("{FAE04EC0-301F-11D3-BF4B-00C04F79EFBC}") = "UploadDeArquivo2", "UploadDeArquivo2\UploadDeArquivo2.csproj", "{856725A6-0879-417E-8EC3-605E8F174B47}"
EndProject
Global
	GlobalSection(SolutionConfigurationPlatforms) = preSolution
		Debug|Any CPU = Debug|Any CPU
		Release|Any CPU = Release|Any CPU
	EndGlobalSection
	GlobalSection(ProjectConfigurationPlatforms) = postSolution
		{856725A6-0879-417E-8EC3-605E8F174B47}.Debug|Any CPU.ActiveCfg = Debug|Any CPU
		{856725A6-0879-417E-8EC3-605E8F174B47}.Debug|Any CPU.Build.0 = Debug|Any CPU
		{856725A6-0879-417E-8EC3-605E8F174B47}.Release|Any CPU.ActiveCfg = Release|Any CPU
		{856725A6-0879-417E-8EC3-605E8F174B47}.Release|Any CPU.Build.0 = Release|Any CPU
	EndGlobalSection
	GlobalSection(SolutionProperties) = preSolution
		HideSolutionNode = FALSE
	EndGlobalSection
	GlobalSection(ExtensibilityGlobals) = postSolution
		SolutionGuid = {DDAF59C3-338C-4889-BD7F-C2B50DE50061}
	EndGlobalSection
EndGlobal
